{
  "name": "strava-musician-app",
  "version": "1.0.0",
  "lockfileVersion": 3,
  "requires": true,
  "packages": {
    "": {
      "name": "strava-musician-app",
      "version": "1.0.0",
      "workspaces": [
        "apps/*",
        "packages/*"
      ],
      "dependencies": {
        "concurrently": "^8.2.2",
        "dotenv": "^17.3.1",
        "knex": "^3.1.0",
        "lucide-react": "^0.575.0",
        "pg": "^8.19.0",
        "postgres": "^3.4.8"
      },
      "devDependencies": {
        "@esbuild/win32-x64": "^0.27.4",
        "@types/bcrypt": "^6.0.0",
        "@types/jest": "^30.0.0",
        "@types/supertest": "^7.2.0",
        "concurrently": "^8.2.2",
        "jest": "^30.2.0",
        "supertest": "^7.2.2",
        "ts-jest": "^29.4.6"
      }
    },
    "apps/backend": {
      "name": "@strava-musician-app/backend",
      "version": "1.0.0",
      "dependencies": {
        "@strava-musician-app/shared": "*",
        "bcrypt": "^6.0.0",
        "next": "^16.1.6",
        "react": "^18.2.0",
        "react-dom": "^18.2.0"
      },
      "devDependencies": {
        "@next/swc-win32-x64-msvc": "^16.1.6",
        "@types/jest": "^30.0.0",
        "@types/node": "^20.10.5",
        "@types/react": "^18.2.43",
        "@types/react-dom": "^18.2.17",
        "ts-jest": "^29.4.6",
        "typescript": "^5.9.3"
      }
    },
    "apps/web": {
      "name": "@strava-musician-app/web",
      "version": "1.0.0",
      "dependencies": {
        "@strava-musician-app/shared": "*",
        "react": "^18.2.0",
        "react-dom": "^18.2.0",
        "react-router-dom": "^7.13.0"
      },
      "devDependencies": {
        "@types/react": "^18.2.43",
        "@types/react-dom": "^18.2.17",
        "@vitejs/plugin-react": "^4.7.0",
        "typescript": "^5.9.3",
        "vite": "^5.4.21"
      }
    },
    "packages/shared": {
      "name": "@strava-musician-app/shared",
      "version": "1.0.0",
      "devDependencies": {
        "typescript": "^5.9.3"
      }
    }
  }
}